// !$*UTF8*$!
{
	archiveVersion = 1;
	classes = {
	};
	objectVersion = 55;
	objects = {

/* Begin PBXBuildFile section */
		D9E8D65B282E44F300B3F948 /* AppDelegate.swift in Sources */ = {isa = PBXBuildFile; fileRef = D9E8D65A282E44F300B3F948 /* AppDelegate.swift */; };
		D9E8D65D282E44F300B3F948 /* SceneDelegate.swift in Sources */ = {isa = PBXBuildFile; fileRef = D9E8D65C282E44F300B3F948 /* SceneDelegate.swift */; };
		D9E8D65F282E44F300B3F948 /* ViewController.swift in Sources */ = {isa = PBXBuildFile; fileRef = D9E8D65E282E44F300B3F948 /* ViewController.swift */; };
		D9E8D664282E44F400B3F948 /* Assets.xcassets in Resources */ = {isa = PBXBuildFile; fileRef = D9E8D663282E44F400B3F948 /* Assets.xcassets */; };
		D9E8D667282E44F400B3F948 /* LaunchScreen.storyboard in Resources */ = {isa = PBXBuildFile; fileRef = D9E8D665282E44F400B3F948 /* LaunchScreen.storyboard */; };
		D9E8D672282E44F400B3F948 /* DiffableDataSource_MVVMTests.swift in Sources */ = {isa = PBXBuildFile; fileRef = D9E8D671282E44F400B3F948 /* DiffableDataSource_MVVMTests.swift */; };
		D9E8D67C282E44F400B3F948 /* DiffableDataSource_MVVMUITests.swift in Sources */ = {isa = PBXBuildFile; fileRef = D9E8D67B282E44F400B3F948 /* DiffableDataSource_MVVMUITests.swift */; };
		D9E8D67E282E44F400B3F948 /* DiffableDataSource_MVVMUITestsLaunchTests.swift in Sources */ = {isa = PBXBuildFile; fileRef = D9E8D67D282E44F400B3F948 /* DiffableDataSource_MVVMUITestsLaunchTests.swift */; };
/* End PBXBuildFile section */

/* Begin PBXContainerItemProxy section */
		D9E8D66E282E44F400B3F948 /* PBXContainerItemProxy */ = {
			isa = PBXContainerItemProxy;
			containerPortal = D9E8D64F282E44F300B3F948 /* Project object */;
			proxyType = 1;
			remoteGlobalIDString = D9E8D656282E44F300B3F948;
			remoteInfo = "DiffableDataSource-MVVM";
		};
		D9E8D678282E44F400B3F948 /* PBXContainerItemProxy */ = {
			isa = PBXContainerItemProxy;
			containerPortal = D9E8D64F282E44F300B3F948 /* Project object */;
			proxyType = 1;
			remoteGlobalIDString = D9E8D656282E44F300B3F948;
			remoteInfo = "DiffableDataSource-MVVM";
		};
/* End PBXContainerItemProxy section */

/* Begin PBXFileReference section */
		D9E8D657282E44F300B3F948 /* DiffableDataSource-MVVM.app */ = {isa = PBXFileReference; explicitFileType = wrapper.application; includeInIndex = 0; path = "DiffableDataSource-MVVM.app"; sourceTree = BUILT_PRODUCTS_DIR; };
		D9E8D65A282E44F300B3F948 /* AppDelegate.swift */ = {isa = PBXFileReference; lastKnownFileType = sourcecode.swift; path = AppDelegate.swift; sourceTree = "<group>"; };
		D9E8D65C282E44F300B3F948 /* SceneDelegate.swift */ = {isa = PBXFileReference; lastKnownFileType = sourcecode.swift; path = SceneDelegate.swift; sourceTree = "<group>"; };
		D9E8D65E282E44F300B3F948 /* ViewController.swift */ = {isa = PBXFileReference; lastKnownFileType = sourcecode.swift; path = ViewController.swift; sourceTree = "<group>"; };
		D9E8D663282E44F400B3F948 /* Assets.xcassets */ = {isa = PBXFileReference; lastKnownFileType = folder.assetcatalog; path = Assets.xcassets; sourceTree = "<group>"; };
		D9E8D666282E44F400B3F948 /* Base */ = {isa = PBXFileReference; lastKnownFileType = file.storyboard; name = Base; path = Base.lproj/LaunchScreen.storyboard; sourceTree = "<group>"; };
		D9E8D668282E44F400B3F948 /* Info.plist */ = {isa = PBXFileReference; lastKnownFileType = text.plist.xml; path = Info.plist; sourceTree = "<group>"; };
		D9E8D66D282E44F400B3F948 /* DiffableDataSource-MVVMTests.xctest */ = {isa = PBXFileReference; explicitFileType = wrapper.cfbundle; includeInIndex = 0; path = "DiffableDataSource-MVVMTests.xctest"; sourceTree = BUILT_PRODUCTS_DIR; };
		D9E8D671282E44F400B3F948 /* DiffableDataSource_MVVMTests.swift */ = {isa = PBXFileReference; lastKnownFileType = sourcecode.swift; path = DiffableDataSource_MVVMTests.swift; sourceTree = "<group>"; };
		D9E8D677282E44F400B3F948 /* DiffableDataSource-MVVMUITests.xctest */ = {isa = PBXFileReference; explicitFileType = wrapper.cfbundle; includeInIndex = 0; path = "DiffableDataSource-MVVMUITests.xctest"; sourceTree = BUILT_PRODUCTS_DIR; };
		D9E8D67B282E44F400B3F948 /* DiffableDataSource_MVVMUITests.swift */ = {isa = PBXFileReference; lastKnownFileType = sourcecode.swift; path = DiffableDataSource_MVVMUITests.swift; sourceTree = "<group>"; };
		D9E8D67D282E44F400B3F948 /* DiffableDataSource_MVVMUITestsLaunchTests.swift */ = {isa = PBXFileReference; lastKnownFileType = sourcecode.swift; path = DiffableDataSource_MVVMUITestsLaunchTests.swift; sourceTree = "<group>"; };
/* End PBXFileReference section */

/* Begin PBXFrameworksBuildPhase section */
		D9E8D654282E44F300B3F948 /* Frameworks */ = {
			isa = PBXFrameworksBuildPhase;
			buildActionMask = 2147483647;
			files = (
			);
			runOnlyForDeploymentPostprocessing = 0;
		};
		D9E8D66A282E44F400B3F948 /* Frameworks */ = {
			isa = PBXFrameworksBuildPhase;
			buildActionMask = 2147483647;
			files = (
			);
			runOnlyForDeploymentPostprocessing = 0;
		};
		D9E8D674282E44F400B3F948 /* Frameworks */ = {
			isa = PBXFrameworksBuildPhase;
			buildActionMask = 2147483647;
			files = (
			);
			runOnlyForDeploymentPostprocessing = 0;
		};
/* End PBXFrameworksBuildPhase section */

/* Begin PBXGroup section */
		D9E8D64E282E44F300B3F948 = {
			isa = PBXGroup;
			children = (
				D9E8D659282E44F300B3F948 /* DiffableDataSource-MVVM */,
				D9E8D670282E44F400B3F948 /* DiffableDataSource-MVVMTests */,
				D9E8D67A282E44F400B3F948 /* DiffableDataSource-MVVMUITests */,
				D9E8D658282E44F300B3F948 /* Products */,
			);
			sourceTree = "<group>";
		};
		D9E8D658282E44F300B3F948 /* Products */ = {
			isa = PBXGroup;
			children = (
				D9E8D657282E44F300B3F948 /* DiffableDataSource-MVVM.app */,
				D9E8D66D282E44F400B3F948 /* DiffableDataSource-MVVMTests.xctest */,
				D9E8D677282E44F400B3F948 /* DiffableDataSource-MVVMUITests.xctest */,
			);
			name = Products;
			sourceTree = "<group>";
		};
		D9E8D659282E44F300B3F948 /* DiffableDataSource-MVVM */ = {
			isa = PBXGroup;
			children = (
				D9E8D65A282E44F300B3F948 /* AppDelegate.swift */,
				D9E8D65C282E44F300B3F948 /* SceneDelegate.swift */,
				D9E8D65E282E44F300B3F948 /* ViewController.swift */,
				D9E8D663282E44F400B3F948 /* Assets.xcassets */,
				D9E8D665282E44F400B3F948 /* LaunchScreen.storyboard */,
				D9E8D668282E44F400B3F948 /* Info.plist */,
			);
			path = "DiffableDataSource-MVVM";
			sourceTree = "<group>";
		};
		D9E8D670282E44F400B3F948 /* DiffableDataSource-MVVMTests */ = {
			isa = PBXGroup;
			children = (
				D9E8D671282E44F400B3F948 /* DiffableDataSource_MVVMTests.swift */,
			);
			path = "DiffableDataSource-MVVMTests";
			sourceTree = "<group>";
		};
		D9E8D67A282E44F400B3F948 /* DiffableDataSource-MVVMUITests */ = {
			isa = PBXGroup;
			children = (
				D9E8D67B282E44F400B3F948 /* DiffableDataSource_MVVMUITests.swift */,
				D9E8D67D282E44F400B3F948 /* DiffableDataSource_MVVMUITestsLaunchTests.swift */,
			);
			path = "DiffableDataSource-MVVMUITests";
			sourceTree = "<group>";
		};
/* End PBXGroup section */

/* Begin PBXNativeTarget section */
		D9E8D656282E44F300B3F948 /* DiffableDataSource-MVVM */ = {
			isa = PBXNativeTarget;
			buildConfigurationList = D9E8D681282E44F400B3F948 /* Build configuration list for PBXNativeTarget "DiffableDataSource-MVVM" */;
			buildPhases = (
				D9E8D653282E44F300B3F948 /* Sources */,
				D9E8D654282E44F300B3F948 /* Frameworks */,
				D9E8D655282E44F300B3F948 /* Resources */,
			);
			buildRules = (
			);
			dependencies = (
			);
			name = "DiffableDataSource-MVVM";
			productName = "DiffableDataSource-MVVM";
			productReference = D9E8D657282E44F300B3F948 /* DiffableDataSource-MVVM.app */;
			productType = "com.apple.product-type.application";
		};
		D9E8D66C282E44F400B3F948 /* DiffableDataSource-MVVMTests */ = {
			isa = PBXNativeTarget;
			buildConfigurationList = D9E8D684282E44F400B3F948 /* Build configuration list for PBXNativeTarget "DiffableDataSource-MVVMTests" */;
			buildPhases = (
				D9E8D669282E44F400B3F948 /* Sources */,
				D9E8D66A282E44F400B3F948 /* Frameworks */,
				D9E8D66B282E44F400B3F948 /* Resources */,
			);
			buildRules = (
			);
			dependencies = (
				D9E8D66F282E44F400B3F948 /* PBXTargetDependency */,
			);
			name = "DiffableDataSource-MVVMTests";
			productName = "DiffableDataSource-MVVMTests";
			productReference = D9E8D66D282E44F400B3F948 /* DiffableDataSource-MVVMTests.xctest */;
			productType = "com.apple.product-type.bundle.unit-test";
		};
		D9E8D676282E44F400B3F948 /* DiffableDataSource-MVVMUITests */ = {
			isa = PBXNativeTarget;
			buildConfigurationList = D9E8D687282E44F400B3F948 /* Build configuration list for PBXNativeTarget "DiffableDataSource-MVVMUITests" */;
			buildPhases = (
				D9E8D673282E44F400B3F948 /* Sources */,
				D9E8D674282E44F400B3F948 /* Frameworks */,
				D9E8D675282E44F400B3F948 /* Resources */,
			);
			buildRules = (
			);
			dependencies = (
				D9E8D679282E44F400B3F948 /* PBXTargetDependency */,
			);
			name = "DiffableDataSource-MVVMUITests";
			productName = "DiffableDataSource-MVVMUITests";
			productReference = D9E8D677282E44F400B3F948 /* DiffableDataSource-MVVMUITests.xctest */;
			productType = "com.apple.product-type.bundle.ui-testing";
		};
/* End PBXNativeTarget section */

/* Begin PBXProject section */
		D9E8D64F282E44F300B3F948 /* Project object */ = {
			isa = PBXProject;
			attributes = {
				BuildIndependentTargetsInParallel = 1;
				LastSwiftUpdateCheck = 1320;
				LastUpgradeCheck = 1320;
				TargetAttributes = {
					D9E8D656282E44F300B3F948 = {
						CreatedOnToolsVersion = 13.2.1;
					};
					D9E8D66C282E44F400B3F948 = {
						CreatedOnToolsVersion = 13.2.1;
						TestTargetID = D9E8D656282E44F300B3F948;
					};
					D9E8D676282E44F400B3F948 = {
						CreatedOnToolsVersion = 13.2.1;
						TestTargetID = D9E8D656282E44F300B3F948;
					};
				};
			};
			buildConfigurationList = D9E8D652282E44F300B3F948 /* Build configuration list for PBXProject "DiffableDataSource-MVVM" */;
			compatibilityVersion = "Xcode 13.0";
			developmentRegion = en;
			hasScannedForEncodings = 0;
			knownRegions = (
				en,
				Base,
			);
			mainGroup = D9E8D64E282E44F300B3F948;
			productRefGroup = D9E8D658282E44F300B3F948 /* Products */;
			projectDirPath = "";
			projectRoot = "";
			targets = (
				D9E8D656282E44F300B3F948 /* DiffableDataSource-MVVM */,
				D9E8D66C282E44F400B3F948 /* DiffableDataSource-MVVMTests */,
				D9E8D676282E44F400B3F948 /* DiffableDataSource-MVVMUITests */,
			);
		};
/* End PBXProject section */

/* Begin PBXResourcesBuildPhase section */
		D9E8D655282E44F300B3F948 /* Resources */ = {
			isa = PBXResourcesBuildPhase;
			buildActionMask = 2147483647;
			files = (
				D9E8D667282E44F400B3F948 /* LaunchScreen.storyboard in Resources */,
				D9E8D664282E44F400B3F948 /* Assets.xcassets in Resources */,
			);
			runOnlyForDeploymentPostprocessing = 0;
		};
		D9E8D66B282E44F400B3F948 /* Resources */ = {
			isa = PBXResourcesBuildPhase;
			buildActionMask = 2147483647;
			files = (
			);
			runOnlyForDeploymentPostprocessing = 0;
		};
		D9E8D675282E44F400B3F948 /* Resources */ = {
			isa = PBXResourcesBuildPhase;
			buildActionMask = 2147483647;
			files = (
			);
			runOnlyForDeploymentPostprocessing = 0;
		};
/* End PBXResourcesBuildPhase section */

/* Begin PBXSourcesBuildPhase section */
		D9E8D653282E44F300B3F948 /* Sources */ = {
			isa = PBXSourcesBuildPhase;
			buildActionMask = 2147483647;
			files = (
				D9E8D65F282E44F300B3F948 /* ViewController.swift in Sources */,
				D9E8D65B282E44F300B3F948 /* AppDelegate.swift in Sources */,
				D9E8D65D282E44F300B3F948 /* SceneDelegate.swift in Sources */,
			);
			runOnlyForDeploymentPostprocessing = 0;
		};
		D9E8D669282E44F400B3F948 /* Sources */ = {
			isa = PBXSourcesBuildPhase;
			buildActionMask = 2147483647;
			files = (
				D9E8D672282E44F400B3F948 /* DiffableDataSource_MVVMTests.swift in Sources */,
			);
			runOnlyForDeploymentPostprocessing = 0;
		};
		D9E8D673282E44F400B3F948 /* Sources */ = {
			isa = PBXSourcesBuildPhase;
			buildActionMask = 2147483647;
			files = (
				D9E8D67E282E44F400B3F948 /* DiffableDataSource_MVVMUITestsLaunchTests.swift in Sources */,
				D9E8D67C282E44F400B3F948 /* DiffableDataSource_MVVMUITests.swift in Sources */,
			);
			runOnlyForDeploymentPostprocessing = 0;
		};
/* End PBXSourcesBuildPhase section */

/* Begin PBXTargetDependency section */
		D9E8D66F282E44F400B3F948 /* PBXTargetDependency */ = {
			isa = PBXTargetDependency;
			target = D9E8D656282E44F300B3F948 /* DiffableDataSource-MVVM */;
			targetProxy = D9E8D66E282E44F400B3F948 /* PBXContainerItemProxy */;
		};
		D9E8D679282E44F400B3F948 /* PBXTargetDependency */ = {
			isa = PBXTargetDependency;
			target = D9E8D656282E44F300B3F948 /* DiffableDataSource-MVVM */;
			targetProxy = D9E8D678282E44F400B3F948 /* PBXContainerItemProxy */;
		};
/* End PBXTargetDependency section */

/* Begin PBXVariantGroup section */
		D9E8D665282E44F400B3F948 /* LaunchScreen.storyboard */ = {
			isa = PBXVariantGroup;
			children = (
				D9E8D666282E44F400B3F948 /* Base */,
			);
			name = LaunchScreen.storyboard;
			sourceTree = "<group>";
		};
/* End PBXVariantGroup section */

/* Begin XCBuildConfiguration section */
		D9E8D67F282E44F400B3F948 /* Debug */ = {
			isa = XCBuildConfiguration;
			buildSettings = {
				ALWAYS_SEARCH_USER_PATHS = NO;
				CLANG_ANALYZER_NONNULL = YES;
				CLANG_ANALYZER_NUMBER_OBJECT_CONVERSION = YES_AGGRESSIVE;
				CLANG_CXX_LANGUAGE_STANDARD = "gnu++17";
				CLANG_CXX_LIBRARY = "libc++";
				CLANG_ENABLE_MODULES = YES;
				CLANG_ENABLE_OBJC_ARC = YES;
				CLANG_ENABLE_OBJC_WEAK = YES;
				CLANG_WARN_BLOCK_CAPTURE_AUTORELEASING = YES;
				CLANG_WARN_BOOL_CONVERSION = YES;
				CLANG_WARN_COMMA = YES;
				CLANG_WARN_CONSTANT_CONVERSION = YES;
				CLANG_WARN_DEPRECATED_OBJC_IMPLEMENTATIONS = YES;
				CLANG_WARN_DIRECT_OBJC_ISA_USAGE = YES_ERROR;
				CLANG_WARN_DOCUMENTATION_COMMENTS = YES;
				CLANG_WARN_EMPTY_BODY = YES;
				CLANG_WARN_ENUM_CONVERSION = YES;
				CLANG_WARN_INFINITE_RECURSION = YES;
				CLANG_WARN_INT_CONVERSION = YES;
				CLANG_WARN_NON_LITERAL_NULL_CONVERSION = YES;
				CLANG_WARN_OBJC_IMPLICIT_RETAIN_SELF = YES;
				CLANG_WARN_OBJC_LITERAL_CONVERSION = YES;
				CLANG_WARN_OBJC_ROOT_CLASS = YES_ERROR;
				CLANG_WARN_QUOTED_INCLUDE_IN_FRAMEWORK_HEADER = YES;
				CLANG_WARN_RANGE_LOOP_ANALYSIS = YES;
				CLANG_WARN_STRICT_PROTOTYPES = YES;
				CLANG_WARN_SUSPICIOUS_MOVE = YES;
				CLANG_WARN_UNGUARDED_AVAILABILITY = YES_AGGRESSIVE;
				CLANG_WARN_UNREACHABLE_CODE = YES;
				CLANG_WARN__DUPLICATE_METHOD_MATCH = YES;
				COPY_PHASE_STRIP = NO;
				DEBUG_INFORMATION_FORMAT = dwarf;
				ENABLE_STRICT_OBJC_MSGSEND = YES;
				ENABLE_TESTABILITY = YES;
				GCC_C_LANGUAGE_STANDARD = gnu11;
				GCC_DYNAMIC_NO_PIC = NO;
				GCC_NO_COMMON_BLOCKS = YES;
				GCC_OPTIMIZATION_LEVEL = 0;
				GCC_PREPROCESSOR_DEFINITIONS = (
					"DEBUG=1",
					"$(inherited)",
				);
				GCC_WARN_64_TO_32_BIT_CONVERSION = YES;
				GCC_WARN_ABOUT_RETURN_TYPE = YES_ERROR;
				GCC_WARN_UNDECLARED_SELECTOR = YES;
				GCC_WARN_UNINITIALIZED_AUTOS = YES_AGGRESSIVE;
				GCC_WARN_UNUSED_FUNCTION = YES;
				GCC_WARN_UNUSED_VARIABLE = YES;
				IPHONEOS_DEPLOYMENT_TARGET = 13.0;
				MTL_ENABLE_DEBUG_INFO = INCLUDE_SOURCE;
				MTL_FAST_MATH = YES;
				ONLY_ACTIVE_ARCH = YES;
				SDKROOT = iphoneos;
				SWIFT_ACTIVE_COMPILATION_CONDITIONS = DEBUG;
				SWIFT_OPTIMIZATION_LEVEL = "-Onone";
			};
			name = Debug;
		};
		D9E8D680282E44F400B3F948 /* Release */ = {
			isa = XCBuildConfiguration;
			buildSettings = {
				ALWAYS_SEARCH_USER_PATHS = NO;
				CLANG_ANALYZER_NONNULL = YES;
				CLANG_ANALYZER_NUMBER_OBJECT_CONVERSION = YES_AGGRESSIVE;
				CLANG_CXX_LANGUAGE_STANDARD = "gnu++17";
				CLANG_CXX_LIBRARY = "libc++";
				CLANG_ENABLE_MODULES = YES;
				CLANG_ENABLE_OBJC_ARC = YES;
				CLANG_ENABLE_OBJC_WEAK = YES;
				CLANG_WARN_BLOCK_CAPTURE_AUTORELEASING = YES;
				CLANG_WARN_BOOL_CONVERSION = YES;
				CLANG_WARN_COMMA = YES;
				CLANG_WARN_CONSTANT_CONVERSION = YES;
				CLANG_WARN_DEPRECATED_OBJC_IMPLEMENTATIONS = YES;
				CLANG_WARN_DIRECT_OBJC_ISA_USAGE = YES_ERROR;
				CLANG_WARN_DOCUMENTATION_COMMENTS = YES;
				CLANG_WARN_EMPTY_BODY = YES;
				CLANG_WARN_ENUM_CONVERSION = YES;
				CLANG_WARN_INFINITE_RECURSION = YES;
				CLANG_WARN_INT_CONVERSION = YES;
				CLANG_WARN_NON_LITERAL_NULL_CONVERSION = YES;
				CLANG_WARN_OBJC_IMPLICIT_RETAIN_SELF = YES;
				CLANG_WARN_OBJC_LITERAL_CONVERSION = YES;
				CLANG_WARN_OBJC_ROOT_CLASS = YES_ERROR;
				CLANG_WARN_QUOTED_INCLUDE_IN_FRAMEWORK_HEADER = YES;
				CLANG_WARN_RANGE_LOOP_ANALYSIS = YES;
				CLANG_WARN_STRICT_PROTOTYPES = YES;
				CLANG_WARN_SUSPICIOUS_MOVE = YES;
				CLANG_WARN_UNGUARDED_AVAILABILITY = YES_AGGRESSIVE;
				CLANG_WARN_UNREACHABLE_CODE = YES;
				CLANG_WARN__DUPLICATE_METHOD_MATCH = YES;
				COPY_PHASE_STRIP = NO;
				DEBUG_INFORMATION_FORMAT = "dwarf-with-dsym";
				ENABLE_NS_ASSERTIONS = NO;
				ENABLE_STRICT_OBJC_MSGSEND = YES;
				GCC_C_LANGUAGE_STANDARD = gnu11;
				GCC_NO_COMMON_BLOCKS = YES;
				GCC_WARN_64_TO_32_BIT_CONVERSION = YES;
				GCC_WARN_ABOUT_RETURN_TYPE = YES_ERROR;
				GCC_WARN_UNDECLARED_SELECTOR = YES;
				GCC_WARN_UNINITIALIZED_AUTOS = YES_AGGRESSIVE;
				GCC_WARN_UNUSED_FUNCTION = YES;
				GCC_WARN_UNUSED_VARIABLE = YES;
				IPHONEOS_DEPLOYMENT_TARGET = 13.0;
				MTL_ENABLE_DEBUG_INFO = NO;
				MTL_FAST_MATH = YES;
				SDKROOT = iphoneos;
				SWIFT_COMPILATION_MODE = wholemodule;
				SWIFT_OPTIMIZATION_LEVEL = "-O";
				VALIDATE_PRODUCT = YES;
			};
			name = Release;
		};
		D9E8D682282E44F400B3F948 /* Debug */ = {
			isa = XCBuildConfiguration;
			buildSettings = {
				ASSETCATALOG_COMPILER_APPICON_NAME = AppIcon;
				ASSETCATALOG_COMPILER_GLOBAL_ACCENT_COLOR_NAME = AccentColor;
				CODE_SIGN_STYLE = Automatic;
				CURRENT_PROJECT_VERSION = 1;
				GENERATE_INFOPLIST_FILE = YES;
				INFOPLIST_FILE = "DiffableDataSource-MVVM/Info.plist";
				INFOPLIST_KEY_UIApplicationSupportsIndirectInputEvents = YES;
				INFOPLIST_KEY_UILaunchStoryboardName = LaunchScreen;
				INFOPLIST_KEY_UISupportedInterfaceOrientations_iPad = "UIInterfaceOrientationPortrait UIInterfaceOrientationPortraitUpsideDown UIInterfaceOrientationLandscapeLeft UIInterfaceOrientationLandscapeRight";
				INFOPLIST_KEY_UISupportedInterfaceOrientations_iPhone = "UIInterfaceOrientationPortrait UIInterfaceOrientationLandscapeLeft UIInterfaceOrientationLandscapeRight";
				LD_RUNPATH_SEARCH_PATHS = (
					"$(inherited)",
					"@executable_path/Frameworks",
				);
				MARKETING_VERSION = 1.0;
				PRODUCT_BUNDLE_IDENTIFIER = "y00jin.DiffableDataSource-MVVM";
				PRODUCT_NAME = "$(TARGET_NAME)";
				SWIFT_EMIT_LOC_STRINGS = YES;
				SWIFT_VERSION = 5.0;
				TARGETED_DEVICE_FAMILY = "1,2";
			};
			name = Debug;
		};
		D9E8D683282E44F400B3F948 /* Release */ = {
			isa = XCBuildConfiguration;
			buildSettings = {
				ASSETCATALOG_COMPILER_APPICON_NAME = AppIcon;
				ASSETCATALOG_COMPILER_GLOBAL_ACCENT_COLOR_NAME = AccentColor;
				CODE_SIGN_STYLE = Automatic;
				CURRENT_PROJECT_VERSION = 1;
				GENERATE_INFOPLIST_FILE = YES;
				INFOPLIST_FILE = "DiffableDataSource-MVVM/Info.plist";
				INFOPLIST_KEY_UIApplicationSupportsIndirectInputEvents = YES;
				INFOPLIST_KEY_UILaunchStoryboardName = LaunchScreen;
				INFOPLIST_KEY_UISupportedInterfaceOrientations_iPad = "UIInterfaceOrientationPortrait UIInterfaceOrientationPortraitUpsideDown UIInterfaceOrientationLandscapeLeft UIInterfaceOrientationLandscapeRight";
				INFOPLIST_KEY_UISupportedInterfaceOrientations_iPhone = "UIInterfaceOrientationPortrait UIInterfaceOrientationLandscapeLeft UIInterfaceOrientationLandscapeRight";
				LD_RUNPATH_SEARCH_PATHS = (
					"$(inherited)",
					"@executable_path/Frameworks",
				);
				MARKETING_VERSION = 1.0;
				PRODUCT_BUNDLE_IDENTIFIER = "y00jin.DiffableDataSource-MVVM";
				PRODUCT_NAME = "$(TARGET_NAME)";
				SWIFT_EMIT_LOC_STRINGS = YES;
				SWIFT_VERSION = 5.0;
				TARGETED_DEVICE_FAMILY = "1,2";
			};
			name = Release;
		};
		D9E8D685282E44F400B3F948 /* Debug */ = {
			isa = XCBuildConfiguration;
			buildSettings = {
				ALWAYS_EMBED_SWIFT_STANDARD_LIBRARIES = YES;
				BUNDLE_LOADER = "$(TEST_HOST)";
				CODE_SIGN_STYLE = Automatic;
				CURRENT_PROJECT_VERSION = 1;
				GENERATE_INFOPLIST_FILE = YES;
				IPHONEOS_DEPLOYMENT_TARGET = 15.2;
				MARKETING_VERSION = 1.0;
				PRODUCT_BUNDLE_IDENTIFIER = "y00jin.DiffableDataSource-MVVMTests";
				PRODUCT_NAME = "$(TARGET_NAME)";
				SWIFT_EMIT_LOC_STRINGS = NO;
				SWIFT_VERSION = 5.0;
				TARGETED_DEVICE_FAMILY = "1,2";
				TEST_HOST = "$(BUILT_PRODUCTS_DIR)/DiffableDataSource-MVVM.app/DiffableDataSource-MVVM";
			};
			name = Debug;
		};
		D9E8D686282E44F400B3F948 /* Release */ = {
			isa = XCBuildConfiguration;
			buildSettings = {
				ALWAYS_EMBED_SWIFT_STANDARD_LIBRARIES = YES;
				BUNDLE_LOADER = "$(TEST_HOST)";
				CODE_SIGN_STYLE = Automatic;
				CURRENT_PROJECT_VERSION = 1;
				GENERATE_INFOPLIST_FILE = YES;
				IPHONEOS_DEPLOYMENT_TARGET = 15.2;
				MARKETING_VERSION = 1.0;
				PRODUCT_BUNDLE_IDENTIFIER = "y00jin.DiffableDataSource-MVVMTests";
				PRODUCT_NAME = "$(TARGET_NAME)";
				SWIFT_EMIT_LOC_STRINGS = NO;
				SWIFT_VERSION = 5.0;
				TARGETED_DEVICE_FAMILY = "1,2";
				TEST_HOST = "$(BUILT_PRODUCTS_DIR)/DiffableDataSource-MVVM.app/DiffableDataSource-MVVM";
			};
			name = Release;
		};
		D9E8D688282E44F400B3F948 /* Debug */ = {
			isa = XCBuildConfiguration;
			buildSettings = {
				ALWAYS_EMBED_SWIFT_STANDARD_LIBRARIES = YES;
				CODE_SIGN_STYLE = Automatic;
				CURRENT_PROJECT_VERSION = 1;
				GENERATE_INFOPLIST_FILE = YES;
				MARKETING_VERSION = 1.0;
				PRODUCT_BUNDLE_IDENTIFIER = "y00jin.DiffableDataSource-MVVMUITests";
				PRODUCT_NAME = "$(TARGET_NAME)";
				SWIFT_EMIT_LOC_STRINGS = NO;
				SWIFT_VERSION = 5.0;
				TARGETED_DEVICE_FAMILY = "1,2";
				TEST_TARGET_NAME = "DiffableDataSource-MVVM";
			};
			name = Debug;
		};
		D9E8D689282E44F400B3F948 /* Release */ = {
			isa = XCBuildConfiguration;
			buildSettings = {
				ALWAYS_EMBED_SWIFT_STANDARD_LIBRARIES = YES;
				CODE_SIGN_STYLE = Automatic;
				CURRENT_PROJECT_VERSION = 1;
				GENERATE_INFOPLIST_FILE = YES;
				MARKETING_VERSION = 1.0;
				PRODUCT_BUNDLE_IDENTIFIER = "y00jin.DiffableDataSource-MVVMUITests";
				PRODUCT_NAME = "$(TARGET_NAME)";
				SWIFT_EMIT_LOC_STRINGS = NO;
				SWIFT_VERSION = 5.0;
				TARGETED_DEVICE_FAMILY = "1,2";
				TEST_TARGET_NAME = "DiffableDataSource-MVVM";
			};
			name = Release;
		};
/* End XCBuildConfiguration section */

/* Begin XCConfigurationList section */
		D9E8D652282E44F300B3F948 /* Build configuration list for PBXProject "DiffableDataSource-MVVM" */ = {
			isa = XCConfigurationList;
			buildConfigurations = (
				D9E8D67F282E44F400B3F948 /* Debug */,
				D9E8D680282E44F400B3F948 /* Release */,
			);
			defaultConfigurationIsVisible = 0;
			defaultConfigurationName = Release;
		};
		D9E8D681282E44F400B3F948 /* Build configuration list for PBXNativeTarget "DiffableDataSource-MVVM" */ = {
			isa = XCConfigurationList;
			buildConfigurations = (
				D9E8D682282E44F400B3F948 /* Debug */,
				D9E8D683282E44F400B3F948 /* Release */,
			);
			defaultConfigurationIsVisible = 0;
			defaultConfigurationName = Release;
		};
		D9E8D684282E44F400B3F948 /* Build configuration list for PBXNativeTarget "DiffableDataSource-MVVMTests" */ = {
			isa = XCConfigurationList;
			buildConfigurations = (
				D9E8D685282E44F400B3F948 /* Debug */,
				D9E8D686282E44F400B3F948 /* Release */,
			);
			defaultConfigurationIsVisible = 0;
			defaultConfigurationName = Release;
		};
		D9E8D687282E44F400B3F948 /* Build configuration list for PBXNativeTarget "DiffableDataSource-MVVMUITests" */ = {
			isa = XCConfigurationList;
			buildConfigurations = (
				D9E8D688282E44F400B3F948 /* Debug */,
				D9E8D689282E44F400B3F948 /* Release */,
			);
			defaultConfigurationIsVisible = 0;
			defaultConfigurationName = Release;
		};
/* End XCConfigurationList section */
	};
	rootObject = D9E8D64F282E44F300B3F948 /* Project object */;
}
